{
  "requires": true,
  "lockfileVersion": 1,
  "dependencies": {
    "aa": {
      "version": "0.1.40",
      "resolved": "https://registry.npmjs.org/aa/-/aa-0.1.40.tgz",
      "integrity": "sha1-3s2iEeFwdOpbzxn4XQZzTGgq0xY=",
      "requires": {
        "promise-thunk": ">=0.1.16"
      }
    },
    "promise-thunk": {
      "version": "0.1.17",
      "resolved": "https://registry.npmjs.org/promise-thunk/-/promise-thunk-0.1.17.tgz",
      "integrity": "sha1-DfJ4S40UPVaiHcODAlNgUQ0E4zs="
    }
  }
}
